// !$*UTF8*$!
{
	archiveVersion = 1;
	classes = {
	};
	objectVersion = 55;
	objects = {

/* Begin PBXBuildFile section */
		630ED4E228879CF200FB363C /* ResultCellCustom.swift in Sources */ = {isa = PBXBuildFile; fileRef = 630ED4E128879CF200FB363C /* ResultCellCustom.swift */; };
		630ED4E62887AFFA00FB363C /* PracticeDataModel.xcdatamodeld in Sources */ = {isa = PBXBuildFile; fileRef = 6390BCF4287C46020079302B /* PracticeDataModel.xcdatamodeld */; };
		630ED4E72887B02500FB363C /* Practice+CoreDataClass.swift in Sources */ = {isa = PBXBuildFile; fileRef = 6390BCF7287C6D370079302B /* Practice+CoreDataClass.swift */; };
		630ED4E82887B02800FB363C /* Practice+CoreDataProperties.swift in Sources */ = {isa = PBXBuildFile; fileRef = 6390BCF8287C6D370079302B /* Practice+CoreDataProperties.swift */; };
		634FB52128702FCF009F00C1 /* IndicatorViewController.swift in Sources */ = {isa = PBXBuildFile; fileRef = 634FB52028702FCF009F00C1 /* IndicatorViewController.swift */; };
		634FB52328702FE3009F00C1 /* IndicatorStoryboard.storyboard in Resources */ = {isa = PBXBuildFile; fileRef = 634FB52228702FE3009F00C1 /* IndicatorStoryboard.storyboard */; };
		6390BCF6287C46020079302B /* PracticeDataModel.xcdatamodeld in Sources */ = {isa = PBXBuildFile; fileRef = 6390BCF4287C46020079302B /* PracticeDataModel.xcdatamodeld */; };
		6390BCF9287C6D370079302B /* Practice+CoreDataClass.swift in Sources */ = {isa = PBXBuildFile; fileRef = 6390BCF7287C6D370079302B /* Practice+CoreDataClass.swift */; };
		6390BCFA287C6D370079302B /* Practice+CoreDataProperties.swift in Sources */ = {isa = PBXBuildFile; fileRef = 6390BCF8287C6D370079302B /* Practice+CoreDataProperties.swift */; };
		6390BCFD287D53DB0079302B /* ContextService.swift in Sources */ = {isa = PBXBuildFile; fileRef = 6390BCFC287D53DB0079302B /* ContextService.swift */; };
		6390BCFF287D54970079302B /* PracticeService.swift in Sources */ = {isa = PBXBuildFile; fileRef = 6390BCFE287D54970079302B /* PracticeService.swift */; };
		63A2E205286EF02400C67464 /* PracticeTableViewCell.swift in Sources */ = {isa = PBXBuildFile; fileRef = 63A2E203286EF02400C67464 /* PracticeTableViewCell.swift */; };
		63A2E206286EF02400C67464 /* PracticeTableViewCell.xib in Resources */ = {isa = PBXBuildFile; fileRef = 63A2E204286EF02400C67464 /* PracticeTableViewCell.xib */; };
		63A2E209286F352000C67464 /* ResultViewController.swift in Sources */ = {isa = PBXBuildFile; fileRef = 63A2E208286F352000C67464 /* ResultViewController.swift */; };
		63A2E20B286F352E00C67464 /* ResultStoryboard.storyboard in Resources */ = {isa = PBXBuildFile; fileRef = 63A2E20A286F352E00C67464 /* ResultStoryboard.storyboard */; };
		63A2E217286F37A700C67464 /* ResultTableViewCell.swift in Sources */ = {isa = PBXBuildFile; fileRef = 63A2E215286F37A700C67464 /* ResultTableViewCell.swift */; };
		63A2E218286F37A700C67464 /* ResultTableViewCell.xib in Resources */ = {isa = PBXBuildFile; fileRef = 63A2E216286F37A700C67464 /* ResultTableViewCell.xib */; };
		AC2E57132888681800D9DA79 /* ConnectionView.swift in Sources */ = {isa = PBXBuildFile; fileRef = AC2E57122888681800D9DA79 /* ConnectionView.swift */; };
		AC4090F728818B2800254937 /* Assets.xcassets in Resources */ = {isa = PBXBuildFile; fileRef = AC4090F628818B2800254937 /* Assets.xcassets */; };
		AC4090FD28818B2800254937 /* DaSpeakable Watch WatchKit Extension.appex in Embed App Extensions */ = {isa = PBXBuildFile; fileRef = AC4090FC28818B2800254937 /* DaSpeakable Watch WatchKit Extension.appex */; settings = {ATTRIBUTES = (RemoveHeadersOnCopy, ); }; };
		AC40910228818B2800254937 /* ContentView.swift in Sources */ = {isa = PBXBuildFile; fileRef = AC40910128818B2800254937 /* ContentView.swift */; };
		AC40910428818B2800254937 /* DaSpeakable_MeApp.swift in Sources */ = {isa = PBXBuildFile; fileRef = AC40910328818B2800254937 /* DaSpeakable_MeApp.swift */; };
		AC40910628818B2800254937 /* ComplicationController.swift in Sources */ = {isa = PBXBuildFile; fileRef = AC40910528818B2800254937 /* ComplicationController.swift */; };
		AC40910828818B2900254937 /* Assets.xcassets in Resources */ = {isa = PBXBuildFile; fileRef = AC40910728818B2900254937 /* Assets.xcassets */; };
		AC40910B28818B2900254937 /* Preview Assets.xcassets in Resources */ = {isa = PBXBuildFile; fileRef = AC40910A28818B2900254937 /* Preview Assets.xcassets */; };
		AC40910F28818B2900254937 /* DaSpeakable Watch.app in Embed Watch Content */ = {isa = PBXBuildFile; fileRef = AC4090F428818B2700254937 /* DaSpeakable Watch.app */; settings = {ATTRIBUTES = (RemoveHeadersOnCopy, ); }; };
		AC4C43CE286609E200CAEFB7 /* AppDelegate.swift in Sources */ = {isa = PBXBuildFile; fileRef = AC4C43CD286609E200CAEFB7 /* AppDelegate.swift */; };
		AC4C43D0286609E200CAEFB7 /* SceneDelegate.swift in Sources */ = {isa = PBXBuildFile; fileRef = AC4C43CF286609E200CAEFB7 /* SceneDelegate.swift */; };
		AC4C43D5286609E200CAEFB7 /* Main.storyboard in Resources */ = {isa = PBXBuildFile; fileRef = AC4C43D3286609E200CAEFB7 /* Main.storyboard */; };
		AC4C43DA286609E300CAEFB7 /* Assets.xcassets in Resources */ = {isa = PBXBuildFile; fileRef = AC4C43D9286609E300CAEFB7 /* Assets.xcassets */; };
		AC4C43DD286609E300CAEFB7 /* LaunchScreen.storyboard in Resources */ = {isa = PBXBuildFile; fileRef = AC4C43DB286609E300CAEFB7 /* LaunchScreen.storyboard */; };
		AC4C43E8286609E300CAEFB7 /* DaSpeakable_MeTests.swift in Sources */ = {isa = PBXBuildFile; fileRef = AC4C43E7286609E300CAEFB7 /* DaSpeakable_MeTests.swift */; };
		AC4C43F2286609E300CAEFB7 /* DaSpeakable_MeUITests.swift in Sources */ = {isa = PBXBuildFile; fileRef = AC4C43F1286609E300CAEFB7 /* DaSpeakable_MeUITests.swift */; };
		AC4C43F4286609E300CAEFB7 /* DaSpeakable_MeUITestsLaunchTests.swift in Sources */ = {isa = PBXBuildFile; fileRef = AC4C43F3286609E300CAEFB7 /* DaSpeakable_MeUITestsLaunchTests.swift */; };
		AC4C44072866136800CAEFB7 /* FillerWordClassifier.mlmodel in Sources */ = {isa = PBXBuildFile; fileRef = AC4C44062866136800CAEFB7 /* FillerWordClassifier.mlmodel */; };
		AC70EC28286EE3DD001398AB /* PracticeModel.swift in Sources */ = {isa = PBXBuildFile; fileRef = AC70EC27286EE3DD001398AB /* PracticeModel.swift */; };
		AC790B82286AD35700368799 /* TimeHelper.swift in Sources */ = {isa = PBXBuildFile; fileRef = AC790B81286AD35700368799 /* TimeHelper.swift */; };
		AC8DF25E286C085D001ADFF3 /* CameraHelper.swift in Sources */ = {isa = PBXBuildFile; fileRef = AC8DF25D286C085D001ADFF3 /* CameraHelper.swift */; };
		AC8DF260286C09BB001ADFF3 /* RecordingViewController.swift in Sources */ = {isa = PBXBuildFile; fileRef = AC8DF25F286C09BB001ADFF3 /* RecordingViewController.swift */; };
		AC8DF263286C0E96001ADFF3 /* CustomToast.swift in Sources */ = {isa = PBXBuildFile; fileRef = AC8DF262286C0E96001ADFF3 /* CustomToast.swift */; };
		AC8DF269286C1EE9001ADFF3 /* MainViewController.swift in Sources */ = {isa = PBXBuildFile; fileRef = AC8DF268286C1EE9001ADFF3 /* MainViewController.swift */; };
		AC8DF26D286C2125001ADFF3 /* CustomButton.swift in Sources */ = {isa = PBXBuildFile; fileRef = AC8DF26C286C2125001ADFF3 /* CustomButton.swift */; };
		AC8DF26F286C38A6001ADFF3 /* SpeechArticulationHelper.swift in Sources */ = {isa = PBXBuildFile; fileRef = AC8DF26E286C38A6001ADFF3 /* SpeechArticulationHelper.swift */; };
		ACAD10DB28855F5800CD7B65 /* StartPracticeView.swift in Sources */ = {isa = PBXBuildFile; fileRef = ACAD10DA28855F5800CD7B65 /* StartPracticeView.swift */; };
		ACAD10E4288563E700CD7B65 /* PracticeView.swift in Sources */ = {isa = PBXBuildFile; fileRef = ACAD10E3288563E700CD7B65 /* PracticeView.swift */; };
		ACAD10E72885641A00CD7B65 /* ResultView.swift in Sources */ = {isa = PBXBuildFile; fileRef = ACAD10E62885641A00CD7B65 /* ResultView.swift */; };
		ACAD10E82885649500CD7B65 /* Assets.xcassets in Resources */ = {isa = PBXBuildFile; fileRef = AC4C43D9286609E300CAEFB7 /* Assets.xcassets */; };
		ACAD10EA28856A9C00CD7B65 /* WatchModel.swift in Sources */ = {isa = PBXBuildFile; fileRef = ACAD10E928856A9C00CD7B65 /* WatchModel.swift */; };
		ACAD10ED28856FDD00CD7B65 /* WatchConnectivityService.swift in Sources */ = {isa = PBXBuildFile; fileRef = ACAD10EC28856FDD00CD7B65 /* WatchConnectivityService.swift */; };
		ACAFEA372869C0B500EE148D /* SpeakHelper.swift in Sources */ = {isa = PBXBuildFile; fileRef = ACAFEA362869C0B500EE148D /* SpeakHelper.swift */; };
		ACC0D9922885A9250023B9E5 /* RecordingView.swift in Sources */ = {isa = PBXBuildFile; fileRef = ACC0D9912885A9250023B9E5 /* RecordingView.swift */; };
/* End PBXBuildFile section */

/* Begin PBXContainerItemProxy section */
		AC4090FE28818B2800254937 /* PBXContainerItemProxy */ = {
			isa = PBXContainerItemProxy;
			containerPortal = AC4C43C2286609E200CAEFB7 /* Project object */;
			proxyType = 1;
			remoteGlobalIDString = AC4090FB28818B2800254937;
			remoteInfo = "DaSpeakable Watch WatchKit Extension";
		};
		AC40910D28818B2900254937 /* PBXContainerItemProxy */ = {
			isa = PBXContainerItemProxy;
			containerPortal = AC4C43C2286609E200CAEFB7 /* Project object */;
			proxyType = 1;
			remoteGlobalIDString = AC4090F328818B2700254937;
			remoteInfo = "DaSpeakable Watch";
		};
		AC4C43E4286609E300CAEFB7 /* PBXContainerItemProxy */ = {
			isa = PBXContainerItemProxy;
			containerPortal = AC4C43C2286609E200CAEFB7 /* Project object */;
			proxyType = 1;
			remoteGlobalIDString = AC4C43C9286609E200CAEFB7;
			remoteInfo = "DaSpeakable Me";
		};
		AC4C43EE286609E300CAEFB7 /* PBXContainerItemProxy */ = {
			isa = PBXContainerItemProxy;
			containerPortal = AC4C43C2286609E200CAEFB7 /* Project object */;
			proxyType = 1;
			remoteGlobalIDString = AC4C43C9286609E200CAEFB7;
			remoteInfo = "DaSpeakable Me";
		};
/* End PBXContainerItemProxy section */

/* Begin PBXCopyFilesBuildPhase section */
		AC4090F128818A3400254937 /* Embed Watch Content */ = {
			isa = PBXCopyFilesBuildPhase;
			buildActionMask = 2147483647;
			dstPath = "$(CONTENTS_FOLDER_PATH)/Watch";
			dstSubfolderSpec = 16;
			files = (
				AC40910F28818B2900254937 /* DaSpeakable Watch.app in Embed Watch Content */,
			);
			name = "Embed Watch Content";
			runOnlyForDeploymentPostprocessing = 0;
		};
		AC40911328818B2900254937 /* Embed App Extensions */ = {
			isa = PBXCopyFilesBuildPhase;
			buildActionMask = 2147483647;
			dstPath = "";
			dstSubfolderSpec = 13;
			files = (
				AC4090FD28818B2800254937 /* DaSpeakable Watch WatchKit Extension.appex in Embed App Extensions */,
			);
			name = "Embed App Extensions";
			runOnlyForDeploymentPostprocessing = 0;
		};
/* End PBXCopyFilesBuildPhase section */

/* Begin PBXFileReference section */
		630ED4E128879CF200FB363C /* ResultCellCustom.swift */ = {isa = PBXFileReference; lastKnownFileType = sourcecode.swift; path = ResultCellCustom.swift; sourceTree = "<group>"; };
		634FB52028702FCF009F00C1 /* IndicatorViewController.swift */ = {isa = PBXFileReference; lastKnownFileType = sourcecode.swift; path = IndicatorViewController.swift; sourceTree = "<group>"; };
		634FB52228702FE3009F00C1 /* IndicatorStoryboard.storyboard */ = {isa = PBXFileReference; lastKnownFileType = file.storyboard; path = IndicatorStoryboard.storyboard; sourceTree = "<group>"; };
		6390BCF5287C46020079302B /* PracticeDataModel.xcdatamodel */ = {isa = PBXFileReference; lastKnownFileType = wrapper.xcdatamodel; path = PracticeDataModel.xcdatamodel; sourceTree = "<group>"; };
		6390BCF7287C6D370079302B /* Practice+CoreDataClass.swift */ = {isa = PBXFileReference; lastKnownFileType = sourcecode.swift; path = "Practice+CoreDataClass.swift"; sourceTree = "<group>"; };
		6390BCF8287C6D370079302B /* Practice+CoreDataProperties.swift */ = {isa = PBXFileReference; lastKnownFileType = sourcecode.swift; path = "Practice+CoreDataProperties.swift"; sourceTree = "<group>"; };
		6390BCFC287D53DB0079302B /* ContextService.swift */ = {isa = PBXFileReference; lastKnownFileType = sourcecode.swift; path = ContextService.swift; sourceTree = "<group>"; };
		6390BCFE287D54970079302B /* PracticeService.swift */ = {isa = PBXFileReference; lastKnownFileType = sourcecode.swift; path = PracticeService.swift; sourceTree = "<group>"; };
		63A2E203286EF02400C67464 /* PracticeTableViewCell.swift */ = {isa = PBXFileReference; lastKnownFileType = sourcecode.swift; path = PracticeTableViewCell.swift; sourceTree = "<group>"; };
		63A2E204286EF02400C67464 /* PracticeTableViewCell.xib */ = {isa = PBXFileReference; lastKnownFileType = file.xib; path = PracticeTableViewCell.xib; sourceTree = "<group>"; };
		63A2E208286F352000C67464 /* ResultViewController.swift */ = {isa = PBXFileReference; lastKnownFileType = sourcecode.swift; path = ResultViewController.swift; sourceTree = "<group>"; };
		63A2E20A286F352E00C67464 /* ResultStoryboard.storyboard */ = {isa = PBXFileReference; lastKnownFileType = file.storyboard; path = ResultStoryboard.storyboard; sourceTree = "<group>"; };
		63A2E215286F37A700C67464 /* ResultTableViewCell.swift */ = {isa = PBXFileReference; lastKnownFileType = sourcecode.swift; path = ResultTableViewCell.swift; sourceTree = "<group>"; };
		63A2E216286F37A700C67464 /* ResultTableViewCell.xib */ = {isa = PBXFileReference; lastKnownFileType = file.xib; path = ResultTableViewCell.xib; sourceTree = "<group>"; };
		AC2E57122888681800D9DA79 /* ConnectionView.swift */ = {isa = PBXFileReference; lastKnownFileType = sourcecode.swift; path = ConnectionView.swift; sourceTree = "<group>"; };
		AC4090F428818B2700254937 /* DaSpeakable Watch.app */ = {isa = PBXFileReference; explicitFileType = wrapper.application; includeInIndex = 0; path = "DaSpeakable Watch.app"; sourceTree = BUILT_PRODUCTS_DIR; };
		AC4090F628818B2800254937 /* Assets.xcassets */ = {isa = PBXFileReference; lastKnownFileType = folder.assetcatalog; path = Assets.xcassets; sourceTree = "<group>"; };
		AC4090FC28818B2800254937 /* DaSpeakable Watch WatchKit Extension.appex */ = {isa = PBXFileReference; explicitFileType = "wrapper.app-extension"; includeInIndex = 0; path = "DaSpeakable Watch WatchKit Extension.appex"; sourceTree = BUILT_PRODUCTS_DIR; };
		AC40910128818B2800254937 /* ContentView.swift */ = {isa = PBXFileReference; lastKnownFileType = sourcecode.swift; path = ContentView.swift; sourceTree = "<group>"; };
		AC40910328818B2800254937 /* DaSpeakable_MeApp.swift */ = {isa = PBXFileReference; lastKnownFileType = sourcecode.swift; path = DaSpeakable_MeApp.swift; sourceTree = "<group>"; };
		AC40910528818B2800254937 /* ComplicationController.swift */ = {isa = PBXFileReference; lastKnownFileType = sourcecode.swift; path = ComplicationController.swift; sourceTree = "<group>"; };
		AC40910728818B2900254937 /* Assets.xcassets */ = {isa = PBXFileReference; lastKnownFileType = folder.assetcatalog; path = Assets.xcassets; sourceTree = "<group>"; };
		AC40910A28818B2900254937 /* Preview Assets.xcassets */ = {isa = PBXFileReference; lastKnownFileType = folder.assetcatalog; path = "Preview Assets.xcassets"; sourceTree = "<group>"; };
		AC40910C28818B2900254937 /* Info.plist */ = {isa = PBXFileReference; lastKnownFileType = text.plist.xml; path = Info.plist; sourceTree = "<group>"; };
		AC4C43CA286609E200CAEFB7 /* DaSpeakable Me.app */ = {isa = PBXFileReference; explicitFileType = wrapper.application; includeInIndex = 0; path = "DaSpeakable Me.app"; sourceTree = BUILT_PRODUCTS_DIR; };
		AC4C43CD286609E200CAEFB7 /* AppDelegate.swift */ = {isa = PBXFileReference; lastKnownFileType = sourcecode.swift; path = AppDelegate.swift; sourceTree = "<group>"; };
		AC4C43CF286609E200CAEFB7 /* SceneDelegate.swift */ = {isa = PBXFileReference; lastKnownFileType = sourcecode.swift; path = SceneDelegate.swift; sourceTree = "<group>"; };
		AC4C43D4286609E200CAEFB7 /* Base */ = {isa = PBXFileReference; lastKnownFileType = file.storyboard; name = Base; path = Base.lproj/Main.storyboard; sourceTree = "<group>"; };
		AC4C43D9286609E300CAEFB7 /* Assets.xcassets */ = {isa = PBXFileReference; lastKnownFileType = folder.assetcatalog; path = Assets.xcassets; sourceTree = "<group>"; };
		AC4C43DC286609E300CAEFB7 /* Base */ = {isa = PBXFileReference; lastKnownFileType = file.storyboard; name = Base; path = Base.lproj/LaunchScreen.storyboard; sourceTree = "<group>"; };
		AC4C43DE286609E300CAEFB7 /* Info.plist */ = {isa = PBXFileReference; lastKnownFileType = text.plist.xml; path = Info.plist; sourceTree = "<group>"; };
		AC4C43E3286609E300CAEFB7 /* DaSpeakable MeTests.xctest */ = {isa = PBXFileReference; explicitFileType = wrapper.cfbundle; includeInIndex = 0; path = "DaSpeakable MeTests.xctest"; sourceTree = BUILT_PRODUCTS_DIR; };
		AC4C43E7286609E300CAEFB7 /* DaSpeakable_MeTests.swift */ = {isa = PBXFileReference; lastKnownFileType = sourcecode.swift; path = DaSpeakable_MeTests.swift; sourceTree = "<group>"; };
		AC4C43ED286609E300CAEFB7 /* DaSpeakable MeUITests.xctest */ = {isa = PBXFileReference; explicitFileType = wrapper.cfbundle; includeInIndex = 0; path = "DaSpeakable MeUITests.xctest"; sourceTree = BUILT_PRODUCTS_DIR; };
		AC4C43F1286609E300CAEFB7 /* DaSpeakable_MeUITests.swift */ = {isa = PBXFileReference; lastKnownFileType = sourcecode.swift; path = DaSpeakable_MeUITests.swift; sourceTree = "<group>"; };
		AC4C43F3286609E300CAEFB7 /* DaSpeakable_MeUITestsLaunchTests.swift */ = {isa = PBXFileReference; lastKnownFileType = sourcecode.swift; path = DaSpeakable_MeUITestsLaunchTests.swift; sourceTree = "<group>"; };
		AC4C44062866136800CAEFB7 /* FillerWordClassifier.mlmodel */ = {isa = PBXFileReference; lastKnownFileType = file.mlmodel; path = FillerWordClassifier.mlmodel; sourceTree = "<group>"; };
		AC70EC27286EE3DD001398AB /* PracticeModel.swift */ = {isa = PBXFileReference; lastKnownFileType = sourcecode.swift; path = PracticeModel.swift; sourceTree = "<group>"; };
		AC790B81286AD35700368799 /* TimeHelper.swift */ = {isa = PBXFileReference; lastKnownFileType = sourcecode.swift; path = TimeHelper.swift; sourceTree = "<group>"; };
		AC8DF25D286C085D001ADFF3 /* CameraHelper.swift */ = {isa = PBXFileReference; lastKnownFileType = sourcecode.swift; path = CameraHelper.swift; sourceTree = "<group>"; };
		AC8DF25F286C09BB001ADFF3 /* RecordingViewController.swift */ = {isa = PBXFileReference; lastKnownFileType = sourcecode.swift; path = RecordingViewController.swift; sourceTree = "<group>"; };
		AC8DF262286C0E96001ADFF3 /* CustomToast.swift */ = {isa = PBXFileReference; lastKnownFileType = sourcecode.swift; path = CustomToast.swift; sourceTree = "<group>"; };
		AC8DF268286C1EE9001ADFF3 /* MainViewController.swift */ = {isa = PBXFileReference; lastKnownFileType = sourcecode.swift; path = MainViewController.swift; sourceTree = "<group>"; };
		AC8DF26C286C2125001ADFF3 /* CustomButton.swift */ = {isa = PBXFileReference; lastKnownFileType = sourcecode.swift; path = CustomButton.swift; sourceTree = "<group>"; };
		AC8DF26E286C38A6001ADFF3 /* SpeechArticulationHelper.swift */ = {isa = PBXFileReference; lastKnownFileType = sourcecode.swift; path = SpeechArticulationHelper.swift; sourceTree = "<group>"; };
		ACAD10DA28855F5800CD7B65 /* StartPracticeView.swift */ = {isa = PBXFileReference; lastKnownFileType = sourcecode.swift; path = StartPracticeView.swift; sourceTree = "<group>"; };
		ACAD10E3288563E700CD7B65 /* PracticeView.swift */ = {isa = PBXFileReference; lastKnownFileType = sourcecode.swift; path = PracticeView.swift; sourceTree = "<group>"; };
		ACAD10E62885641A00CD7B65 /* ResultView.swift */ = {isa = PBXFileReference; lastKnownFileType = sourcecode.swift; path = ResultView.swift; sourceTree = "<group>"; };
		ACAD10E928856A9C00CD7B65 /* WatchModel.swift */ = {isa = PBXFileReference; lastKnownFileType = sourcecode.swift; path = WatchModel.swift; sourceTree = "<group>"; };
		ACAD10EC28856FDD00CD7B65 /* WatchConnectivityService.swift */ = {isa = PBXFileReference; lastKnownFileType = sourcecode.swift; path = WatchConnectivityService.swift; sourceTree = "<group>"; };
		ACAFEA362869C0B500EE148D /* SpeakHelper.swift */ = {isa = PBXFileReference; lastKnownFileType = sourcecode.swift; path = SpeakHelper.swift; sourceTree = "<group>"; };
		ACC0D9912885A9250023B9E5 /* RecordingView.swift */ = {isa = PBXFileReference; lastKnownFileType = sourcecode.swift; path = RecordingView.swift; sourceTree = "<group>"; };
/* End PBXFileReference section */

/* Begin PBXFrameworksBuildPhase section */
		AC4090F928818B2800254937 /* Frameworks */ = {
			isa = PBXFrameworksBuildPhase;
			buildActionMask = 2147483647;
			files = (
			);
			runOnlyForDeploymentPostprocessing = 0;
		};
		AC4C43C7286609E200CAEFB7 /* Frameworks */ = {
			isa = PBXFrameworksBuildPhase;
			buildActionMask = 2147483647;
			files = (
			);
			runOnlyForDeploymentPostprocessing = 0;
		};
		AC4C43E0286609E300CAEFB7 /* Frameworks */ = {
			isa = PBXFrameworksBuildPhase;
			buildActionMask = 2147483647;
			files = (
			);
			runOnlyForDeploymentPostprocessing = 0;
		};
		AC4C43EA286609E300CAEFB7 /* Frameworks */ = {
			isa = PBXFrameworksBuildPhase;
			buildActionMask = 2147483647;
			files = (
			);
			runOnlyForDeploymentPostprocessing = 0;
		};
/* End PBXFrameworksBuildPhase section */

/* Begin PBXGroup section */
		630ED4E028879CE000FB363C /* Cell */ = {
			isa = PBXGroup;
			children = (
				630ED4E128879CF200FB363C /* ResultCellCustom.swift */,
			);
			path = Cell;
			sourceTree = "<group>";
		};
		632E4AEC287FC17B00440B43 /* PracticeItem */ = {
			isa = PBXGroup;
			children = (
				6390BCF8287C6D370079302B /* Practice+CoreDataProperties.swift */,
				6390BCF7287C6D370079302B /* Practice+CoreDataClass.swift */,
			);
			path = PracticeItem;
			sourceTree = "<group>";
		};
		632E4AED287FC1D500440B43 /* Cells */ = {
			isa = PBXGroup;
			children = (
				63A2E202286EEFFF00C67464 /* PracticeTableViewCell */,
				63A2E20C286F368600C67464 /* ResultTableViewCell */,
			);
			path = Cells;
			sourceTree = "<group>";
		};
		634FB51F28702F94009F00C1 /* IndicatorView */ = {
			isa = PBXGroup;
			children = (
				634FB52028702FCF009F00C1 /* IndicatorViewController.swift */,
			);
			path = IndicatorView;
			sourceTree = "<group>";
		};
		6390BCFB287D53B00079302B /* Services */ = {
			isa = PBXGroup;
			children = (
				6390BCFC287D53DB0079302B /* ContextService.swift */,
				6390BCFE287D54970079302B /* PracticeService.swift */,
				ACAD10EC28856FDD00CD7B65 /* WatchConnectivityService.swift */,
			);
			path = Services;
			sourceTree = "<group>";
		};
		63A2E201286EEDC300C67464 /* MainViewController */ = {
			isa = PBXGroup;
			children = (
				AC8DF268286C1EE9001ADFF3 /* MainViewController.swift */,
			);
			path = MainViewController;
			sourceTree = "<group>";
		};
		63A2E202286EEFFF00C67464 /* PracticeTableViewCell */ = {
			isa = PBXGroup;
			children = (
				63A2E203286EF02400C67464 /* PracticeTableViewCell.swift */,
			);
			path = PracticeTableViewCell;
			sourceTree = "<group>";
		};
		63A2E207286F34E400C67464 /* ResultViewController */ = {
			isa = PBXGroup;
			children = (
				634FB51F28702F94009F00C1 /* IndicatorView */,
				63A2E208286F352000C67464 /* ResultViewController.swift */,
			);
			path = ResultViewController;
			sourceTree = "<group>";
		};
		63A2E20C286F368600C67464 /* ResultTableViewCell */ = {
			isa = PBXGroup;
			children = (
				63A2E215286F37A700C67464 /* ResultTableViewCell.swift */,
			);
			path = ResultTableViewCell;
			sourceTree = "<group>";
		};
		AC4090F528818B2700254937 /* DaSpeakable Watch */ = {
			isa = PBXGroup;
			children = (
				AC4090F628818B2800254937 /* Assets.xcassets */,
			);
			path = "DaSpeakable Watch";
			sourceTree = "<group>";
		};
		AC40910028818B2800254937 /* DaSpeakable Watch WatchKit Extension */ = {
			isa = PBXGroup;
			children = (
				630ED4E028879CE000FB363C /* Cell */,
				ACAD10D728855E6500CD7B65 /* View */,
				ACAD10D628855E5A00CD7B65 /* Model */,
				AC40910328818B2800254937 /* DaSpeakable_MeApp.swift */,
				AC40910528818B2800254937 /* ComplicationController.swift */,
				AC40910728818B2900254937 /* Assets.xcassets */,
				AC40910C28818B2900254937 /* Info.plist */,
				AC40910928818B2900254937 /* Preview Content */,
			);
			path = "DaSpeakable Watch WatchKit Extension";
			sourceTree = "<group>";
		};
		AC40910928818B2900254937 /* Preview Content */ = {
			isa = PBXGroup;
			children = (
				AC40910A28818B2900254937 /* Preview Assets.xcassets */,
			);
			path = "Preview Content";
			sourceTree = "<group>";
		};
		AC4C43C1286609E200CAEFB7 = {
			isa = PBXGroup;
			children = (
				ACC0D9902885A8EB0023B9E5 /* Shared */,
				AC4C43CC286609E200CAEFB7 /* DaSpeakable Me */,
				AC4C43E6286609E300CAEFB7 /* DaSpeakable MeTests */,
				AC4C43F0286609E300CAEFB7 /* DaSpeakable MeUITests */,
				AC4090F528818B2700254937 /* DaSpeakable Watch */,
				AC40910028818B2800254937 /* DaSpeakable Watch WatchKit Extension */,
				AC4C43CB286609E200CAEFB7 /* Products */,
			);
			sourceTree = "<group>";
		};
		AC4C43CB286609E200CAEFB7 /* Products */ = {
			isa = PBXGroup;
			children = (
				AC4C43CA286609E200CAEFB7 /* DaSpeakable Me.app */,
				AC4C43E3286609E300CAEFB7 /* DaSpeakable MeTests.xctest */,
				AC4C43ED286609E300CAEFB7 /* DaSpeakable MeUITests.xctest */,
				AC4090F428818B2700254937 /* DaSpeakable Watch.app */,
				AC4090FC28818B2800254937 /* DaSpeakable Watch WatchKit Extension.appex */,
			);
			name = Products;
			sourceTree = "<group>";
		};
		AC4C43CC286609E200CAEFB7 /* DaSpeakable Me */ = {
			isa = PBXGroup;
			children = (
				AC4C44062866136800CAEFB7 /* FillerWordClassifier.mlmodel */,
				AC4C440328660A1800CAEFB7 /* Core */,
				6390BCFB287D53B00079302B /* Services */,
				AC4C4400286609EF00CAEFB7 /* Model */,
				AC4C4401286609F600CAEFB7 /* View */,
				ACAFEA352869BE9000EE148D /* Helper */,
				AC4C43DE286609E300CAEFB7 /* Info.plist */,
			);
			path = "DaSpeakable Me";
			sourceTree = "<group>";
		};
		AC4C43E6286609E300CAEFB7 /* DaSpeakable MeTests */ = {
			isa = PBXGroup;
			children = (
				AC4C43E7286609E300CAEFB7 /* DaSpeakable_MeTests.swift */,
			);
			path = "DaSpeakable MeTests";
			sourceTree = "<group>";
		};
		AC4C43F0286609E300CAEFB7 /* DaSpeakable MeUITests */ = {
			isa = PBXGroup;
			children = (
				AC4C43F1286609E300CAEFB7 /* DaSpeakable_MeUITests.swift */,
				AC4C43F3286609E300CAEFB7 /* DaSpeakable_MeUITestsLaunchTests.swift */,
			);
			path = "DaSpeakable MeUITests";
			sourceTree = "<group>";
		};
		AC4C4400286609EF00CAEFB7 /* Model */ = {
			isa = PBXGroup;
			children = (
				AC70EC27286EE3DD001398AB /* PracticeModel.swift */,
				6390BCF4287C46020079302B /* PracticeDataModel.xcdatamodeld */,
				632E4AEC287FC17B00440B43 /* PracticeItem */,
			);
			path = Model;
			sourceTree = "<group>";
		};
		AC4C4401286609F600CAEFB7 /* View */ = {
			isa = PBXGroup;
			children = (
				AC4C43D3286609E200CAEFB7 /* Main.storyboard */,
				AC4C43DB286609E300CAEFB7 /* LaunchScreen.storyboard */,
				AC4C4402286609FC00CAEFB7 /* Controllers */,
				632E4AED287FC1D500440B43 /* Cells */,
				ACF072A32873CE8D00FB8E10 /* Storyboards */,
				AC8DF26B286C2113001ADFF3 /* CustomView */,
			);
			path = View;
			sourceTree = "<group>";
		};
		AC4C4402286609FC00CAEFB7 /* Controllers */ = {
			isa = PBXGroup;
			children = (
				ACF072A62873DED200FB8E10 /* RecordingViewController */,
				63A2E201286EEDC300C67464 /* MainViewController */,
				63A2E207286F34E400C67464 /* ResultViewController */,
			);
			path = Controllers;
			sourceTree = "<group>";
		};
		AC4C440328660A1800CAEFB7 /* Core */ = {
			isa = PBXGroup;
			children = (
				AC4C43CD286609E200CAEFB7 /* AppDelegate.swift */,
				AC4C43CF286609E200CAEFB7 /* SceneDelegate.swift */,
				AC4C43D9286609E300CAEFB7 /* Assets.xcassets */,
			);
			path = Core;
			sourceTree = "<group>";
		};
		AC8DF26B286C2113001ADFF3 /* CustomView */ = {
			isa = PBXGroup;
			children = (
				AC8DF262286C0E96001ADFF3 /* CustomToast.swift */,
				AC8DF26C286C2125001ADFF3 /* CustomButton.swift */,
			);
			path = CustomView;
			sourceTree = "<group>";
		};
		ACAD10D628855E5A00CD7B65 /* Model */ = {
			isa = PBXGroup;
			children = (
				ACAD10E928856A9C00CD7B65 /* WatchModel.swift */,
			);
			path = Model;
			sourceTree = "<group>";
		};
		ACAD10D728855E6500CD7B65 /* View */ = {
			isa = PBXGroup;
			children = (
				AC40910128818B2800254937 /* ContentView.swift */,
				AC2E57122888681800D9DA79 /* ConnectionView.swift */,
				ACAD10DA28855F5800CD7B65 /* StartPracticeView.swift */,
				ACAD10E3288563E700CD7B65 /* PracticeView.swift */,
				ACAD10E62885641A00CD7B65 /* ResultView.swift */,
			);
			path = View;
			sourceTree = "<group>";
		};
		ACAFEA352869BE9000EE148D /* Helper */ = {
			isa = PBXGroup;
			children = (
				AC8DF25D286C085D001ADFF3 /* CameraHelper.swift */,
				ACAFEA362869C0B500EE148D /* SpeakHelper.swift */,
				AC790B81286AD35700368799 /* TimeHelper.swift */,
				AC8DF26E286C38A6001ADFF3 /* SpeechArticulationHelper.swift */,
			);
			path = Helper;
			sourceTree = "<group>";
		};
		ACC0D9902885A8EB0023B9E5 /* Shared */ = {
			isa = PBXGroup;
			children = (
				ACC0D9912885A9250023B9E5 /* RecordingView.swift */,
			);
			path = Shared;
			sourceTree = "<group>";
		};
		ACF072A32873CE8D00FB8E10 /* Storyboards */ = {
			isa = PBXGroup;
			children = (
				ACF072A42873CEA400FB8E10 /* ResultScreen */,
			);
			path = Storyboards;
			sourceTree = "<group>";
		};
		ACF072A42873CEA400FB8E10 /* ResultScreen */ = {
			isa = PBXGroup;
			children = (
				ACF072A52873CEE500FB8E10 /* CustomCells */,
				634FB52228702FE3009F00C1 /* IndicatorStoryboard.storyboard */,
				63A2E20A286F352E00C67464 /* ResultStoryboard.storyboard */,
			);
			path = ResultScreen;
			sourceTree = "<group>";
		};
		ACF072A52873CEE500FB8E10 /* CustomCells */ = {
			isa = PBXGroup;
			children = (
				63A2E204286EF02400C67464 /* PracticeTableViewCell.xib */,
				63A2E216286F37A700C67464 /* ResultTableViewCell.xib */,
			);
			path = CustomCells;
			sourceTree = "<group>";
		};
		ACF072A62873DED200FB8E10 /* RecordingViewController */ = {
			isa = PBXGroup;
			children = (
				AC8DF25F286C09BB001ADFF3 /* RecordingViewController.swift */,
			);
			path = RecordingViewController;
			sourceTree = "<group>";
		};
/* End PBXGroup section */

/* Begin PBXNativeTarget section */
		AC4090F328818B2700254937 /* DaSpeakable Watch */ = {
			isa = PBXNativeTarget;
			buildConfigurationList = AC40911428818B2900254937 /* Build configuration list for PBXNativeTarget "DaSpeakable Watch" */;
			buildPhases = (
				AC4090F228818B2700254937 /* Resources */,
				AC40911328818B2900254937 /* Embed App Extensions */,
			);
			buildRules = (
			);
			dependencies = (
				AC4090FF28818B2800254937 /* PBXTargetDependency */,
			);
			name = "DaSpeakable Watch";
			productName = "DaSpeakable Watch";
			productReference = AC4090F428818B2700254937 /* DaSpeakable Watch.app */;
			productType = "com.apple.product-type.application.watchapp2";
		};
		AC4090FB28818B2800254937 /* DaSpeakable Watch WatchKit Extension */ = {
			isa = PBXNativeTarget;
			buildConfigurationList = AC40911028818B2900254937 /* Build configuration list for PBXNativeTarget "DaSpeakable Watch WatchKit Extension" */;
			buildPhases = (
				AC4090F828818B2800254937 /* Sources */,
				AC4090F928818B2800254937 /* Frameworks */,
				AC4090FA28818B2800254937 /* Resources */,
			);
			buildRules = (
			);
			dependencies = (
			);
			name = "DaSpeakable Watch WatchKit Extension";
			productName = "DaSpeakable Watch WatchKit Extension";
			productReference = AC4090FC28818B2800254937 /* DaSpeakable Watch WatchKit Extension.appex */;
			productType = "com.apple.product-type.watchkit2-extension";
		};
		AC4C43C9286609E200CAEFB7 /* DaSpeakable Me */ = {
			isa = PBXNativeTarget;
			buildConfigurationList = AC4C43F7286609E300CAEFB7 /* Build configuration list for PBXNativeTarget "DaSpeakable Me" */;
			buildPhases = (
				AC4C43C6286609E200CAEFB7 /* Sources */,
				AC4C43C7286609E200CAEFB7 /* Frameworks */,
				AC4C43C8286609E200CAEFB7 /* Resources */,
				AC4090F128818A3400254937 /* Embed Watch Content */,
			);
			buildRules = (
			);
			dependencies = (
				AC40910E28818B2900254937 /* PBXTargetDependency */,
			);
			name = "DaSpeakable Me";
			productName = "DaSpeakable Me";
			productReference = AC4C43CA286609E200CAEFB7 /* DaSpeakable Me.app */;
			productType = "com.apple.product-type.application";
		};
		AC4C43E2286609E300CAEFB7 /* DaSpeakable MeTests */ = {
			isa = PBXNativeTarget;
			buildConfigurationList = AC4C43FA286609E300CAEFB7 /* Build configuration list for PBXNativeTarget "DaSpeakable MeTests" */;
			buildPhases = (
				AC4C43DF286609E300CAEFB7 /* Sources */,
				AC4C43E0286609E300CAEFB7 /* Frameworks */,
				AC4C43E1286609E300CAEFB7 /* Resources */,
			);
			buildRules = (
			);
			dependencies = (
				AC4C43E5286609E300CAEFB7 /* PBXTargetDependency */,
			);
			name = "DaSpeakable MeTests";
			productName = "DaSpeakable MeTests";
			productReference = AC4C43E3286609E300CAEFB7 /* DaSpeakable MeTests.xctest */;
			productType = "com.apple.product-type.bundle.unit-test";
		};
		AC4C43EC286609E300CAEFB7 /* DaSpeakable MeUITests */ = {
			isa = PBXNativeTarget;
			buildConfigurationList = AC4C43FD286609E300CAEFB7 /* Build configuration list for PBXNativeTarget "DaSpeakable MeUITests" */;
			buildPhases = (
				AC4C43E9286609E300CAEFB7 /* Sources */,
				AC4C43EA286609E300CAEFB7 /* Frameworks */,
				AC4C43EB286609E300CAEFB7 /* Resources */,
			);
			buildRules = (
			);
			dependencies = (
				AC4C43EF286609E300CAEFB7 /* PBXTargetDependency */,
			);
			name = "DaSpeakable MeUITests";
			productName = "DaSpeakable MeUITests";
			productReference = AC4C43ED286609E300CAEFB7 /* DaSpeakable MeUITests.xctest */;
			productType = "com.apple.product-type.bundle.ui-testing";
		};
/* End PBXNativeTarget section */

/* Begin PBXProject section */
		AC4C43C2286609E200CAEFB7 /* Project object */ = {
			isa = PBXProject;
			attributes = {
				BuildIndependentTargetsInParallel = 1;
				LastSwiftUpdateCheck = 1340;
				LastUpgradeCheck = 1340;
				TargetAttributes = {
					AC4090F328818B2700254937 = {
						CreatedOnToolsVersion = 13.4.1;
					};
					AC4090FB28818B2800254937 = {
						CreatedOnToolsVersion = 13.4.1;
					};
					AC4C43C9286609E200CAEFB7 = {
						CreatedOnToolsVersion = 13.4.1;
					};
					AC4C43E2286609E300CAEFB7 = {
						CreatedOnToolsVersion = 13.4.1;
						TestTargetID = AC4C43C9286609E200CAEFB7;
					};
					AC4C43EC286609E300CAEFB7 = {
						CreatedOnToolsVersion = 13.4.1;
						TestTargetID = AC4C43C9286609E200CAEFB7;
					};
				};
			};
			buildConfigurationList = AC4C43C5286609E200CAEFB7 /* Build configuration list for PBXProject "DaSpeakable Me" */;
			compatibilityVersion = "Xcode 13.0";
			developmentRegion = en;
			hasScannedForEncodings = 0;
			knownRegions = (
				en,
				Base,
			);
			mainGroup = AC4C43C1286609E200CAEFB7;
			productRefGroup = AC4C43CB286609E200CAEFB7 /* Products */;
			projectDirPath = "";
			projectRoot = "";
			targets = (
				AC4C43C9286609E200CAEFB7 /* DaSpeakable Me */,
				AC4C43E2286609E300CAEFB7 /* DaSpeakable MeTests */,
				AC4C43EC286609E300CAEFB7 /* DaSpeakable MeUITests */,
				AC4090F328818B2700254937 /* DaSpeakable Watch */,
				AC4090FB28818B2800254937 /* DaSpeakable Watch WatchKit Extension */,
			);
		};
/* End PBXProject section */

/* Begin PBXResourcesBuildPhase section */
		AC4090F228818B2700254937 /* Resources */ = {
			isa = PBXResourcesBuildPhase;
			buildActionMask = 2147483647;
			files = (
				AC4090F728818B2800254937 /* Assets.xcassets in Resources */,
			);
			runOnlyForDeploymentPostprocessing = 0;
		};
		AC4090FA28818B2800254937 /* Resources */ = {
			isa = PBXResourcesBuildPhase;
			buildActionMask = 2147483647;
			files = (
				AC40910B28818B2900254937 /* Preview Assets.xcassets in Resources */,
				ACAD10E82885649500CD7B65 /* Assets.xcassets in Resources */,
				AC40910828818B2900254937 /* Assets.xcassets in Resources */,
			);
			runOnlyForDeploymentPostprocessing = 0;
		};
		AC4C43C8286609E200CAEFB7 /* Resources */ = {
			isa = PBXResourcesBuildPhase;
			buildActionMask = 2147483647;
			files = (
				63A2E206286EF02400C67464 /* PracticeTableViewCell.xib in Resources */,
				AC4C43DD286609E300CAEFB7 /* LaunchScreen.storyboard in Resources */,
				63A2E218286F37A700C67464 /* ResultTableViewCell.xib in Resources */,
				634FB52328702FE3009F00C1 /* IndicatorStoryboard.storyboard in Resources */,
				63A2E20B286F352E00C67464 /* ResultStoryboard.storyboard in Resources */,
				AC4C43DA286609E300CAEFB7 /* Assets.xcassets in Resources */,
				AC4C43D5286609E200CAEFB7 /* Main.storyboard in Resources */,
			);
			runOnlyForDeploymentPostprocessing = 0;
		};
		AC4C43E1286609E300CAEFB7 /* Resources */ = {
			isa = PBXResourcesBuildPhase;
			buildActionMask = 2147483647;
			files = (
			);
			runOnlyForDeploymentPostprocessing = 0;
		};
		AC4C43EB286609E300CAEFB7 /* Resources */ = {
			isa = PBXResourcesBuildPhase;
			buildActionMask = 2147483647;
			files = (
			);
			runOnlyForDeploymentPostprocessing = 0;
		};
/* End PBXResourcesBuildPhase section */

/* Begin PBXSourcesBuildPhase section */
		AC4090F828818B2800254937 /* Sources */ = {
			isa = PBXSourcesBuildPhase;
			buildActionMask = 2147483647;
			files = (
				630ED4E62887AFFA00FB363C /* PracticeDataModel.xcdatamodeld in Sources */,
				AC40910228818B2800254937 /* ContentView.swift in Sources */,
				AC40910428818B2800254937 /* DaSpeakable_MeApp.swift in Sources */,
				630ED4E228879CF200FB363C /* ResultCellCustom.swift in Sources */,
				630ED4E72887B02500FB363C /* Practice+CoreDataClass.swift in Sources */,
				ACAD10E72885641A00CD7B65 /* ResultView.swift in Sources */,
				630ED4E82887B02800FB363C /* Practice+CoreDataProperties.swift in Sources */,
				ACAD10DB28855F5800CD7B65 /* StartPracticeView.swift in Sources */,
				ACAD10E4288563E700CD7B65 /* PracticeView.swift in Sources */,
				ACAD10EA28856A9C00CD7B65 /* WatchModel.swift in Sources */,
				AC2E57132888681800D9DA79 /* ConnectionView.swift in Sources */,
				AC40910628818B2800254937 /* ComplicationController.swift in Sources */,
			);
			runOnlyForDeploymentPostprocessing = 0;
		};
		AC4C43C6286609E200CAEFB7 /* Sources */ = {
			isa = PBXSourcesBuildPhase;
			buildActionMask = 2147483647;
			files = (
				63A2E209286F352000C67464 /* ResultViewController.swift in Sources */,
				AC8DF26F286C38A6001ADFF3 /* SpeechArticulationHelper.swift in Sources */,
				AC8DF269286C1EE9001ADFF3 /* MainViewController.swift in Sources */,
				634FB52128702FCF009F00C1 /* IndicatorViewController.swift in Sources */,
				AC8DF263286C0E96001ADFF3 /* CustomToast.swift in Sources */,
				AC8DF25E286C085D001ADFF3 /* CameraHelper.swift in Sources */,
				AC8DF26D286C2125001ADFF3 /* CustomButton.swift in Sources */,
				ACAFEA372869C0B500EE148D /* SpeakHelper.swift in Sources */,
				AC70EC28286EE3DD001398AB /* PracticeModel.swift in Sources */,
				AC790B82286AD35700368799 /* TimeHelper.swift in Sources */,
				6390BCFF287D54970079302B /* PracticeService.swift in Sources */,
				6390BCFD287D53DB0079302B /* ContextService.swift in Sources */,
				AC4C43CE286609E200CAEFB7 /* AppDelegate.swift in Sources */,
				6390BCF6287C46020079302B /* PracticeDataModel.xcdatamodeld in Sources */,
				ACAD10ED28856FDD00CD7B65 /* WatchConnectivityService.swift in Sources */,
				AC8DF260286C09BB001ADFF3 /* RecordingViewController.swift in Sources */,
				6390BCFA287C6D370079302B /* Practice+CoreDataProperties.swift in Sources */,
				AC4C44072866136800CAEFB7 /* FillerWordClassifier.mlmodel in Sources */,
				63A2E205286EF02400C67464 /* PracticeTableViewCell.swift in Sources */,
				6390BCF9287C6D370079302B /* Practice+CoreDataClass.swift in Sources */,
				63A2E217286F37A700C67464 /* ResultTableViewCell.swift in Sources */,
				ACC0D9922885A9250023B9E5 /* RecordingView.swift in Sources */,
				AC4C43D0286609E200CAEFB7 /* SceneDelegate.swift in Sources */,
			);
			runOnlyForDeploymentPostprocessing = 0;
		};
		AC4C43DF286609E300CAEFB7 /* Sources */ = {
			isa = PBXSourcesBuildPhase;
			buildActionMask = 2147483647;
			files = (
				AC4C43E8286609E300CAEFB7 /* DaSpeakable_MeTests.swift in Sources */,
			);
			runOnlyForDeploymentPostprocessing = 0;
		};
		AC4C43E9286609E300CAEFB7 /* Sources */ = {
			isa = PBXSourcesBuildPhase;
			buildActionMask = 2147483647;
			files = (
				AC4C43F4286609E300CAEFB7 /* DaSpeakable_MeUITestsLaunchTests.swift in Sources */,
				AC4C43F2286609E300CAEFB7 /* DaSpeakable_MeUITests.swift in Sources */,
			);
			runOnlyForDeploymentPostprocessing = 0;
		};
/* End PBXSourcesBuildPhase section */

/* Begin PBXTargetDependency section */
		AC4090FF28818B2800254937 /* PBXTargetDependency */ = {
			isa = PBXTargetDependency;
			target = AC4090FB28818B2800254937 /* DaSpeakable Watch WatchKit Extension */;
			targetProxy = AC4090FE28818B2800254937 /* PBXContainerItemProxy */;
		};
		AC40910E28818B2900254937 /* PBXTargetDependency */ = {
			isa = PBXTargetDependency;
			target = AC4090F328818B2700254937 /* DaSpeakable Watch */;
			targetProxy = AC40910D28818B2900254937 /* PBXContainerItemProxy */;
		};
		AC4C43E5286609E300CAEFB7 /* PBXTargetDependency */ = {
			isa = PBXTargetDependency;
			target = AC4C43C9286609E200CAEFB7 /* DaSpeakable Me */;
			targetProxy = AC4C43E4286609E300CAEFB7 /* PBXContainerItemProxy */;
		};
		AC4C43EF286609E300CAEFB7 /* PBXTargetDependency */ = {
			isa = PBXTargetDependency;
			target = AC4C43C9286609E200CAEFB7 /* DaSpeakable Me */;
			targetProxy = AC4C43EE286609E300CAEFB7 /* PBXContainerItemProxy */;
		};
/* End PBXTargetDependency section */

/* Begin PBXVariantGroup section */
		AC4C43D3286609E200CAEFB7 /* Main.storyboard */ = {
			isa = PBXVariantGroup;
			children = (
				AC4C43D4286609E200CAEFB7 /* Base */,
			);
			name = Main.storyboard;
			sourceTree = "<group>";
		};
		AC4C43DB286609E300CAEFB7 /* LaunchScreen.storyboard */ = {
			isa = PBXVariantGroup;
			children = (
				AC4C43DC286609E300CAEFB7 /* Base */,
			);
			name = LaunchScreen.storyboard;
			sourceTree = "<group>";
		};
/* End PBXVariantGroup section */

/* Begin XCBuildConfiguration section */
		AC40911128818B2900254937 /* Debug */ = {
			isa = XCBuildConfiguration;
			buildSettings = {
				ASSETCATALOG_COMPILER_COMPLICATION_NAME = Complication;
				CODE_SIGN_STYLE = Automatic;
				CURRENT_PROJECT_VERSION = 1;
				DEVELOPMENT_ASSET_PATHS = "\"DaSpeakable Watch WatchKit Extension/Preview Content\"";
				DEVELOPMENT_TEAM = Z89G6VHQ8A;
				ENABLE_PREVIEWS = YES;
				GENERATE_INFOPLIST_FILE = YES;
				INFOPLIST_FILE = "DaSpeakable Watch WatchKit Extension/Info.plist";
				INFOPLIST_KEY_CFBundleDisplayName = "DaSpeakable Watch WatchKit Extension";
				INFOPLIST_KEY_CLKComplicationPrincipalClass = DaSpeakable_Watch_WatchKit_Extension.ComplicationController;
				INFOPLIST_KEY_NSHumanReadableCopyright = "";
				LD_RUNPATH_SEARCH_PATHS = (
					"$(inherited)",
					"@executable_path/Frameworks",
					"@executable_path/../../Frameworks",
				);
				MARKETING_VERSION = 0.1.0;
				PRODUCT_BUNDLE_IDENTIFIER = "gilapo.DaSpeakable-Me.watchkitapp.watchkitextension";
				PRODUCT_NAME = "${TARGET_NAME}";
				SDKROOT = watchos;
				SKIP_INSTALL = YES;
				SWIFT_EMIT_LOC_STRINGS = YES;
				SWIFT_VERSION = 5.0;
				TARGETED_DEVICE_FAMILY = 4;
				WATCHOS_DEPLOYMENT_TARGET = 8.4;
			};
			name = Debug;
		};
		AC40911228818B2900254937 /* Release */ = {
			isa = XCBuildConfiguration;
			buildSettings = {
				ASSETCATALOG_COMPILER_COMPLICATION_NAME = Complication;
				CODE_SIGN_STYLE = Automatic;
				CURRENT_PROJECT_VERSION = 1;
				DEVELOPMENT_ASSET_PATHS = "\"DaSpeakable Watch WatchKit Extension/Preview Content\"";
				DEVELOPMENT_TEAM = Z89G6VHQ8A;
				ENABLE_PREVIEWS = YES;
				GENERATE_INFOPLIST_FILE = YES;
				INFOPLIST_FILE = "DaSpeakable Watch WatchKit Extension/Info.plist";
				INFOPLIST_KEY_CFBundleDisplayName = "DaSpeakable Watch WatchKit Extension";
				INFOPLIST_KEY_CLKComplicationPrincipalClass = DaSpeakable_Watch_WatchKit_Extension.ComplicationController;
				INFOPLIST_KEY_NSHumanReadableCopyright = "";
				LD_RUNPATH_SEARCH_PATHS = (
					"$(inherited)",
					"@executable_path/Frameworks",
					"@executable_path/../../Frameworks",
				);
				MARKETING_VERSION = 0.1.0;
				PRODUCT_BUNDLE_IDENTIFIER = "gilapo.DaSpeakable-Me.watchkitapp.watchkitextension";
				PRODUCT_NAME = "${TARGET_NAME}";
				SDKROOT = watchos;
				SKIP_INSTALL = YES;
				SWIFT_EMIT_LOC_STRINGS = YES;
				SWIFT_VERSION = 5.0;
				TARGETED_DEVICE_FAMILY = 4;
				WATCHOS_DEPLOYMENT_TARGET = 8.4;
			};
			name = Release;
		};
		AC40911528818B2900254937 /* Debug */ = {
			isa = XCBuildConfiguration;
			buildSettings = {
				ALWAYS_EMBED_SWIFT_STANDARD_LIBRARIES = YES;
				ASSETCATALOG_COMPILER_APPICON_NAME = AppIcon;
				ASSETCATALOG_COMPILER_GLOBAL_ACCENT_COLOR_NAME = AccentColor;
				CODE_SIGN_STYLE = Automatic;
				CURRENT_PROJECT_VERSION = 1;
				DEVELOPMENT_TEAM = Z89G6VHQ8A;
				GENERATE_INFOPLIST_FILE = YES;
				IBSC_MODULE = DaSpeakable_Watch_WatchKit_Extension;
				INFOPLIST_KEY_CFBundleDisplayName = "DaSpeakable Watch";
				INFOPLIST_KEY_UISupportedInterfaceOrientations = "UIInterfaceOrientationPortrait UIInterfaceOrientationPortraitUpsideDown";
				INFOPLIST_KEY_WKCompanionAppBundleIdentifier = "gilapo.DaSpeakable-Me";
				MARKETING_VERSION = 0.1.0;
				PRODUCT_BUNDLE_IDENTIFIER = "gilapo.DaSpeakable-Me.watchkitapp";
				PRODUCT_NAME = "$(TARGET_NAME)";
				SDKROOT = watchos;
				SKIP_INSTALL = YES;
				SWIFT_EMIT_LOC_STRINGS = YES;
				SWIFT_VERSION = 5.0;
				TARGETED_DEVICE_FAMILY = 4;
				WATCHOS_DEPLOYMENT_TARGET = 8.4;
			};
			name = Debug;
		};
		AC40911628818B2900254937 /* Release */ = {
			isa = XCBuildConfiguration;
			buildSettings = {
				ALWAYS_EMBED_SWIFT_STANDARD_LIBRARIES = YES;
				ASSETCATALOG_COMPILER_APPICON_NAME = AppIcon;
				ASSETCATALOG_COMPILER_GLOBAL_ACCENT_COLOR_NAME = AccentColor;
				CODE_SIGN_IDENTITY = "Apple Development";
				CODE_SIGN_STYLE = Automatic;
				CURRENT_PROJECT_VERSION = 1;
				DEVELOPMENT_TEAM = Z89G6VHQ8A;
				GENERATE_INFOPLIST_FILE = YES;
				IBSC_MODULE = DaSpeakable_Watch_WatchKit_Extension;
				INFOPLIST_KEY_CFBundleDisplayName = "DaSpeakable Watch";
				INFOPLIST_KEY_UISupportedInterfaceOrientations = "UIInterfaceOrientationPortrait UIInterfaceOrientationPortraitUpsideDown";
				INFOPLIST_KEY_WKCompanionAppBundleIdentifier = "gilapo.DaSpeakable-Me";
				MARKETING_VERSION = 0.1.0;
				PRODUCT_BUNDLE_IDENTIFIER = "gilapo.DaSpeakable-Me.watchkitapp";
				PRODUCT_NAME = "$(TARGET_NAME)";
				SDKROOT = watchos;
				SKIP_INSTALL = YES;
				SWIFT_EMIT_LOC_STRINGS = YES;
				SWIFT_VERSION = 5.0;
				TARGETED_DEVICE_FAMILY = 4;
				WATCHOS_DEPLOYMENT_TARGET = 8.4;
			};
			name = Release;
		};
		AC4C43F5286609E300CAEFB7 /* Debug */ = {
			isa = XCBuildConfiguration;
			buildSettings = {
				ALWAYS_SEARCH_USER_PATHS = NO;
				CLANG_ANALYZER_NONNULL = YES;
				CLANG_ANALYZER_NUMBER_OBJECT_CONVERSION = YES_AGGRESSIVE;
				CLANG_CXX_LANGUAGE_STANDARD = "gnu++17";
				CLANG_ENABLE_MODULES = YES;
				CLANG_ENABLE_OBJC_ARC = YES;
				CLANG_ENABLE_OBJC_WEAK = YES;
				CLANG_WARN_BLOCK_CAPTURE_AUTORELEASING = YES;
				CLANG_WARN_BOOL_CONVERSION = YES;
				CLANG_WARN_COMMA = YES;
				CLANG_WARN_CONSTANT_CONVERSION = YES;
				CLANG_WARN_DEPRECATED_OBJC_IMPLEMENTATIONS = YES;
				CLANG_WARN_DIRECT_OBJC_ISA_USAGE = YES_ERROR;
				CLANG_WARN_DOCUMENTATION_COMMENTS = YES;
				CLANG_WARN_EMPTY_BODY = YES;
				CLANG_WARN_ENUM_CONVERSION = YES;
				CLANG_WARN_INFINITE_RECURSION = YES;
				CLANG_WARN_INT_CONVERSION = YES;
				CLANG_WARN_NON_LITERAL_NULL_CONVERSION = YES;
				CLANG_WARN_OBJC_IMPLICIT_RETAIN_SELF = YES;
				CLANG_WARN_OBJC_LITERAL_CONVERSION = YES;
				CLANG_WARN_OBJC_ROOT_CLASS = YES_ERROR;
				CLANG_WARN_QUOTED_INCLUDE_IN_FRAMEWORK_HEADER = YES;
				CLANG_WARN_RANGE_LOOP_ANALYSIS = YES;
				CLANG_WARN_STRICT_PROTOTYPES = YES;
				CLANG_WARN_SUSPICIOUS_MOVE = YES;
				CLANG_WARN_UNGUARDED_AVAILABILITY = YES_AGGRESSIVE;
				CLANG_WARN_UNREACHABLE_CODE = YES;
				CLANG_WARN__DUPLICATE_METHOD_MATCH = YES;
				COPY_PHASE_STRIP = NO;
				DEBUG_INFORMATION_FORMAT = dwarf;
				ENABLE_STRICT_OBJC_MSGSEND = YES;
				ENABLE_TESTABILITY = YES;
				GCC_C_LANGUAGE_STANDARD = gnu11;
				GCC_DYNAMIC_NO_PIC = NO;
				GCC_NO_COMMON_BLOCKS = YES;
				GCC_OPTIMIZATION_LEVEL = 0;
				GCC_PREPROCESSOR_DEFINITIONS = (
					"DEBUG=1",
					"$(inherited)",
				);
				GCC_WARN_64_TO_32_BIT_CONVERSION = YES;
				GCC_WARN_ABOUT_RETURN_TYPE = YES_ERROR;
				GCC_WARN_UNDECLARED_SELECTOR = YES;
				GCC_WARN_UNINITIALIZED_AUTOS = YES_AGGRESSIVE;
				GCC_WARN_UNUSED_FUNCTION = YES;
				GCC_WARN_UNUSED_VARIABLE = YES;
				IPHONEOS_DEPLOYMENT_TARGET = 15.5;
				MTL_ENABLE_DEBUG_INFO = INCLUDE_SOURCE;
				MTL_FAST_MATH = YES;
				ONLY_ACTIVE_ARCH = YES;
				SDKROOT = iphoneos;
				SWIFT_ACTIVE_COMPILATION_CONDITIONS = DEBUG;
				SWIFT_OPTIMIZATION_LEVEL = "-Onone";
			};
			name = Debug;
		};
		AC4C43F6286609E300CAEFB7 /* Release */ = {
			isa = XCBuildConfiguration;
			buildSettings = {
				ALWAYS_SEARCH_USER_PATHS = NO;
				CLANG_ANALYZER_NONNULL = YES;
				CLANG_ANALYZER_NUMBER_OBJECT_CONVERSION = YES_AGGRESSIVE;
				CLANG_CXX_LANGUAGE_STANDARD = "gnu++17";
				CLANG_ENABLE_MODULES = YES;
				CLANG_ENABLE_OBJC_ARC = YES;
				CLANG_ENABLE_OBJC_WEAK = YES;
				CLANG_WARN_BLOCK_CAPTURE_AUTORELEASING = YES;
				CLANG_WARN_BOOL_CONVERSION = YES;
				CLANG_WARN_COMMA = YES;
				CLANG_WARN_CONSTANT_CONVERSION = YES;
				CLANG_WARN_DEPRECATED_OBJC_IMPLEMENTATIONS = YES;
				CLANG_WARN_DIRECT_OBJC_ISA_USAGE = YES_ERROR;
				CLANG_WARN_DOCUMENTATION_COMMENTS = YES;
				CLANG_WARN_EMPTY_BODY = YES;
				CLANG_WARN_ENUM_CONVERSION = YES;
				CLANG_WARN_INFINITE_RECURSION = YES;
				CLANG_WARN_INT_CONVERSION = YES;
				CLANG_WARN_NON_LITERAL_NULL_CONVERSION = YES;
				CLANG_WARN_OBJC_IMPLICIT_RETAIN_SELF = YES;
				CLANG_WARN_OBJC_LITERAL_CONVERSION = YES;
				CLANG_WARN_OBJC_ROOT_CLASS = YES_ERROR;
				CLANG_WARN_QUOTED_INCLUDE_IN_FRAMEWORK_HEADER = YES;
				CLANG_WARN_RANGE_LOOP_ANALYSIS = YES;
				CLANG_WARN_STRICT_PROTOTYPES = YES;
				CLANG_WARN_SUSPICIOUS_MOVE = YES;
				CLANG_WARN_UNGUARDED_AVAILABILITY = YES_AGGRESSIVE;
				CLANG_WARN_UNREACHABLE_CODE = YES;
				CLANG_WARN__DUPLICATE_METHOD_MATCH = YES;
				COPY_PHASE_STRIP = NO;
				DEBUG_INFORMATION_FORMAT = "dwarf-with-dsym";
				ENABLE_NS_ASSERTIONS = NO;
				ENABLE_STRICT_OBJC_MSGSEND = YES;
				GCC_C_LANGUAGE_STANDARD = gnu11;
				GCC_NO_COMMON_BLOCKS = YES;
				GCC_WARN_64_TO_32_BIT_CONVERSION = YES;
				GCC_WARN_ABOUT_RETURN_TYPE = YES_ERROR;
				GCC_WARN_UNDECLARED_SELECTOR = YES;
				GCC_WARN_UNINITIALIZED_AUTOS = YES_AGGRESSIVE;
				GCC_WARN_UNUSED_FUNCTION = YES;
				GCC_WARN_UNUSED_VARIABLE = YES;
				IPHONEOS_DEPLOYMENT_TARGET = 15.5;
				MTL_ENABLE_DEBUG_INFO = NO;
				MTL_FAST_MATH = YES;
				SDKROOT = iphoneos;
				SWIFT_COMPILATION_MODE = wholemodule;
				SWIFT_OPTIMIZATION_LEVEL = "-O";
				VALIDATE_PRODUCT = YES;
			};
			name = Release;
		};
		AC4C43F8286609E300CAEFB7 /* Debug */ = {
			isa = XCBuildConfiguration;
			buildSettings = {
				ASSETCATALOG_COMPILER_APPICON_NAME = AppIcon;
				ASSETCATALOG_COMPILER_GLOBAL_ACCENT_COLOR_NAME = AccentColor;
				CODE_SIGN_STYLE = Automatic;
				CURRENT_PROJECT_VERSION = 1;
				DEVELOPMENT_TEAM = Z89G6VHQ8A;
				GENERATE_INFOPLIST_FILE = YES;
				INFOPLIST_FILE = "DaSpeakable Me/Info.plist";
				INFOPLIST_KEY_CFBundleDisplayName = SpeakZam;
				INFOPLIST_KEY_LSApplicationCategoryType = "public.app-category.productivity";
				INFOPLIST_KEY_NSCameraUsageDescription = "Camera will use to record your facial expression while practice";
				INFOPLIST_KEY_NSMicrophoneUsageDescription = "Your microphone will be used to record your speech when you press the \"Start Recording\" button.";
				INFOPLIST_KEY_NSPhotoLibraryAddUsageDescription = "This app uses photo library to save video";
				INFOPLIST_KEY_NSPhotoLibraryUsageDescription = "This app uses photo library";
				INFOPLIST_KEY_NSSpeechRecognitionUsageDescription = "Speech recognition will be used to determine which words you speak into the device's microphone.";
				INFOPLIST_KEY_UIApplicationSupportsIndirectInputEvents = YES;
				INFOPLIST_KEY_UILaunchStoryboardName = LaunchScreen;
				INFOPLIST_KEY_UIMainStoryboardFile = Main;
				INFOPLIST_KEY_UISupportedInterfaceOrientations_iPad = "UIInterfaceOrientationPortrait UIInterfaceOrientationPortraitUpsideDown UIInterfaceOrientationLandscapeLeft UIInterfaceOrientationLandscapeRight";
				INFOPLIST_KEY_UISupportedInterfaceOrientations_iPhone = "UIInterfaceOrientationPortrait UIInterfaceOrientationLandscapeLeft UIInterfaceOrientationLandscapeRight";
				IPHONEOS_DEPLOYMENT_TARGET = 15.4;
				LD_RUNPATH_SEARCH_PATHS = (
					"$(inherited)",
					"@executable_path/Frameworks",
				);
				MARKETING_VERSION = 0.1.0;
				PRODUCT_BUNDLE_IDENTIFIER = "gilapo.DaSpeakable-Me";
				PRODUCT_NAME = "$(TARGET_NAME)";
				SWIFT_EMIT_LOC_STRINGS = YES;
				SWIFT_VERSION = 5.0;
				TARGETED_DEVICE_FAMILY = "1,2";
			};
			name = Debug;
		};
		AC4C43F9286609E300CAEFB7 /* Release */ = {
			isa = XCBuildConfiguration;
			buildSettings = {
				ASSETCATALOG_COMPILER_APPICON_NAME = AppIcon;
				ASSETCATALOG_COMPILER_GLOBAL_ACCENT_COLOR_NAME = AccentColor;
				CODE_SIGN_IDENTITY = "Apple Development";
				CODE_SIGN_STYLE = Automatic;
				CURRENT_PROJECT_VERSION = 1;
				DEVELOPMENT_TEAM = Z89G6VHQ8A;
				GENERATE_INFOPLIST_FILE = YES;
				INFOPLIST_FILE = "DaSpeakable Me/Info.plist";
				INFOPLIST_KEY_CFBundleDisplayName = SpeakZam;
				INFOPLIST_KEY_LSApplicationCategoryType = "public.app-category.productivity";
				INFOPLIST_KEY_NSCameraUsageDescription = "Camera will use to record your facial expression while practice";
				INFOPLIST_KEY_NSMicrophoneUsageDescription = "Your microphone will be used to record your speech when you press the \"Start Recording\" button.";
				INFOPLIST_KEY_NSPhotoLibraryAddUsageDescription = "This app uses photo library to save video";
				INFOPLIST_KEY_NSPhotoLibraryUsageDescription = "This app uses photo library";
				INFOPLIST_KEY_NSSpeechRecognitionUsageDescription = "Speech recognition will be used to determine which words you speak into the device's microphone.";
				INFOPLIST_KEY_UIApplicationSupportsIndirectInputEvents = YES;
				INFOPLIST_KEY_UILaunchStoryboardName = LaunchScreen;
				INFOPLIST_KEY_UIMainStoryboardFile = Main;
				INFOPLIST_KEY_UISupportedInterfaceOrientations_iPad = "UIInterfaceOrientationPortrait UIInterfaceOrientationPortraitUpsideDown UIInterfaceOrientationLandscapeLeft UIInterfaceOrientationLandscapeRight";
				INFOPLIST_KEY_UISupportedInterfaceOrientations_iPhone = "UIInterfaceOrientationPortrait UIInterfaceOrientationLandscapeLeft UIInterfaceOrientationLandscapeRight";
				IPHONEOS_DEPLOYMENT_TARGET = 15.4;
				LD_RUNPATH_SEARCH_PATHS = (
					"$(inherited)",
					"@executable_path/Frameworks",
				);
				MARKETING_VERSION = 0.1.0;
				PRODUCT_BUNDLE_IDENTIFIER = "gilapo.DaSpeakable-Me";
				PRODUCT_NAME = "$(TARGET_NAME)";
				PROVISIONING_PROFILE_SPECIFIER = "";
				SWIFT_EMIT_LOC_STRINGS = YES;
				SWIFT_VERSION = 5.0;
				TARGETED_DEVICE_FAMILY = "1,2";
			};
			name = Release;
		};
		AC4C43FB286609E300CAEFB7 /* Debug */ = {
			isa = XCBuildConfiguration;
			buildSettings = {
				ALWAYS_EMBED_SWIFT_STANDARD_LIBRARIES = YES;
				BUNDLE_LOADER = "$(TEST_HOST)";
				CODE_SIGN_STYLE = Automatic;
				CURRENT_PROJECT_VERSION = 1;
				DEVELOPMENT_TEAM = Z89G6VHQ8A;
				GENERATE_INFOPLIST_FILE = YES;
				IPHONEOS_DEPLOYMENT_TARGET = 15.5;
				MARKETING_VERSION = 1.0;
				PRODUCT_BUNDLE_IDENTIFIER = "gilapo.DaSpeakable-MeTests";
				PRODUCT_NAME = "$(TARGET_NAME)";
				SWIFT_EMIT_LOC_STRINGS = NO;
				SWIFT_VERSION = 5.0;
				TARGETED_DEVICE_FAMILY = "1,2";
				TEST_HOST = "$(BUILT_PRODUCTS_DIR)/DaSpeakable Me.app/DaSpeakable Me";
			};
			name = Debug;
		};
		AC4C43FC286609E300CAEFB7 /* Release */ = {
			isa = XCBuildConfiguration;
			buildSettings = {
				ALWAYS_EMBED_SWIFT_STANDARD_LIBRARIES = YES;
				BUNDLE_LOADER = "$(TEST_HOST)";
				CODE_SIGN_STYLE = Automatic;
				CURRENT_PROJECT_VERSION = 1;
				DEVELOPMENT_TEAM = Z89G6VHQ8A;
				GENERATE_INFOPLIST_FILE = YES;
				IPHONEOS_DEPLOYMENT_TARGET = 15.5;
				MARKETING_VERSION = 1.0;
				PRODUCT_BUNDLE_IDENTIFIER = "gilapo.DaSpeakable-MeTests";
				PRODUCT_NAME = "$(TARGET_NAME)";
				SWIFT_EMIT_LOC_STRINGS = NO;
				SWIFT_VERSION = 5.0;
				TARGETED_DEVICE_FAMILY = "1,2";
				TEST_HOST = "$(BUILT_PRODUCTS_DIR)/DaSpeakable Me.app/DaSpeakable Me";
			};
			name = Release;
		};
		AC4C43FE286609E300CAEFB7 /* Debug */ = {
			isa = XCBuildConfiguration;
			buildSettings = {
				ALWAYS_EMBED_SWIFT_STANDARD_LIBRARIES = YES;
				CODE_SIGN_STYLE = Automatic;
				CURRENT_PROJECT_VERSION = 1;
				DEVELOPMENT_TEAM = Z89G6VHQ8A;
				GENERATE_INFOPLIST_FILE = YES;
				MARKETING_VERSION = 1.0;
				PRODUCT_BUNDLE_IDENTIFIER = "gilapo.DaSpeakable-MeUITests";
				PRODUCT_NAME = "$(TARGET_NAME)";
				SWIFT_EMIT_LOC_STRINGS = NO;
				SWIFT_VERSION = 5.0;
				TARGETED_DEVICE_FAMILY = "1,2";
				TEST_TARGET_NAME = "DaSpeakable Me";
			};
			name = Debug;
		};
		AC4C43FF286609E300CAEFB7 /* Release */ = {
			isa = XCBuildConfiguration;
			buildSettings = {
				ALWAYS_EMBED_SWIFT_STANDARD_LIBRARIES = YES;
				CODE_SIGN_STYLE = Automatic;
				CURRENT_PROJECT_VERSION = 1;
				DEVELOPMENT_TEAM = Z89G6VHQ8A;
				GENERATE_INFOPLIST_FILE = YES;
				MARKETING_VERSION = 1.0;
				PRODUCT_BUNDLE_IDENTIFIER = "gilapo.DaSpeakable-MeUITests";
				PRODUCT_NAME = "$(TARGET_NAME)";
				SWIFT_EMIT_LOC_STRINGS = NO;
				SWIFT_VERSION = 5.0;
				TARGETED_DEVICE_FAMILY = "1,2";
				TEST_TARGET_NAME = "DaSpeakable Me";
			};
			name = Release;
		};
/* End XCBuildConfiguration section */

/* Begin XCConfigurationList section */
		AC40911028818B2900254937 /* Build configuration list for PBXNativeTarget "DaSpeakable Watch WatchKit Extension" */ = {
			isa = XCConfigurationList;
			buildConfigurations = (
				AC40911128818B2900254937 /* Debug */,
				AC40911228818B2900254937 /* Release */,
			);
			defaultConfigurationIsVisible = 0;
			defaultConfigurationName = Release;
		};
		AC40911428818B2900254937 /* Build configuration list for PBXNativeTarget "DaSpeakable Watch" */ = {
			isa = XCConfigurationList;
			buildConfigurations = (
				AC40911528818B2900254937 /* Debug */,
				AC40911628818B2900254937 /* Release */,
			);
			defaultConfigurationIsVisible = 0;
			defaultConfigurationName = Release;
		};
		AC4C43C5286609E200CAEFB7 /* Build configuration list for PBXProject "DaSpeakable Me" */ = {
			isa = XCConfigurationList;
			buildConfigurations = (
				AC4C43F5286609E300CAEFB7 /* Debug */,
				AC4C43F6286609E300CAEFB7 /* Release */,
			);
			defaultConfigurationIsVisible = 0;
			defaultConfigurationName = Release;
		};
		AC4C43F7286609E300CAEFB7 /* Build configuration list for PBXNativeTarget "DaSpeakable Me" */ = {
			isa = XCConfigurationList;
			buildConfigurations = (
				AC4C43F8286609E300CAEFB7 /* Debug */,
				AC4C43F9286609E300CAEFB7 /* Release */,
			);
			defaultConfigurationIsVisible = 0;
			defaultConfigurationName = Release;
		};
		AC4C43FA286609E300CAEFB7 /* Build configuration list for PBXNativeTarget "DaSpeakable MeTests" */ = {
			isa = XCConfigurationList;
			buildConfigurations = (
				AC4C43FB286609E300CAEFB7 /* Debug */,
				AC4C43FC286609E300CAEFB7 /* Release */,
			);
			defaultConfigurationIsVisible = 0;
			defaultConfigurationName = Release;
		};
		AC4C43FD286609E300CAEFB7 /* Build configuration list for PBXNativeTarget "DaSpeakable MeUITests" */ = {
			isa = XCConfigurationList;
			buildConfigurations = (
				AC4C43FE286609E300CAEFB7 /* Debug */,
				AC4C43FF286609E300CAEFB7 /* Release */,
			);
			defaultConfigurationIsVisible = 0;
			defaultConfigurationName = Release;
		};
/* End XCConfigurationList section */

/* Begin XCVersionGroup section */
		6390BCF4287C46020079302B /* PracticeDataModel.xcdatamodeld */ = {
			isa = XCVersionGroup;
			children = (
				6390BCF5287C46020079302B /* PracticeDataModel.xcdatamodel */,
			);
			currentVersion = 6390BCF5287C46020079302B /* PracticeDataModel.xcdatamodel */;
			path = PracticeDataModel.xcdatamodeld;
			sourceTree = "<group>";
			versionGroupType = wrapper.xcdatamodel;
		};
/* End XCVersionGroup section */
	};
	rootObject = AC4C43C2286609E200CAEFB7 /* Project object */;
}
